
Microsoft Visual Studio Solution File, Format Version 12.00
# Visual Studio Version 16
VisualStudioVersion = 16.0.31702.278
MinimumVisualStudioVersion = 10.0.40219.1
Project("{FAE04EC0-301F-11D3-BF4B-00C04F79EFBC}") = "AplikasiKalkulator", "AplikasiCalculator\AplikasiKalkulator.csproj", "{29E5BA4A-714D-4BE4-815B-18ACDA8A8AA0}"
EndProject
Global
	GlobalSection(SolutionConfigurationPlatforms) = preSolution
		Debug|Any CPU = Debug|Any CPU
		Release|Any CPU = Release|Any CPU
	EndGlobalSection
	GlobalSection(ProjectConfigurationPlatforms) = postSolution
		{29E5BA4A-714D-4BE4-815B-18ACDA8A8AA0}.Debug|Any CPU.ActiveCfg = Debug|Any CPU
		{29E5BA4A-714D-4BE4-815B-18ACDA8A8AA0}.Debug|Any CPU.Build.0 = Debug|Any CPU
		{29E5BA4A-714D-4BE4-815B-18ACDA8A8AA0}.Release|Any CPU.ActiveCfg = Release|Any CPU
		{29E5BA4A-714D-4BE4-815B-18ACDA8A8AA0}.Release|Any CPU.Build.0 = Release|Any CPU
	EndGlobalSection
	GlobalSection(SolutionProperties) = preSolution
		HideSolutionNode = FALSE
	EndGlobalSection
	GlobalSection(ExtensibilityGlobals) = postSolution
		SolutionGuid = {662E9D52-4AD4-4156-99DC-5472BE2DBA58}
	EndGlobalSection
EndGlobal
